<Solution>
  <Folder Name="/src/">
    <Project Path="src/AvaScope.Bridge/AvaScope.Bridge.csproj" />
    <Project Path="src/AvaScope.Cli/AvaScope.Cli.csproj" />
    <Project Path="src/AvaScope.Core/AvaScope.Core.csproj" />
    <Project Path="src/AvaScope.Mcp/AvaScope.Mcp.csproj" />
    <Project Path="src/AvaScope.PreviewHost/AvaScope.PreviewHost.csproj" />
    <Project Path="src/AvaScope.Protocol/AvaScope.Protocol.csproj" />
  </Folder>
  <Folder Name="/samples/">
    <Project Path="samples/AvaScope.GettingStartedApp/AvaScope.GettingStartedApp.csproj" />
  </Folder>
  <Folder Name="/tests/">
    <Project Path="tests/AvaScope.Tests/AvaScope.Tests.csproj" />
  </Folder>
</Solution>
